
Microsoft Visual Studio Solution File, Format Version 12.00
# Visual Studio Version 16
VisualStudioVersion = 16.0.29411.138
MinimumVisualStudioVersion = 10.0.40219.1
Project("{2150E333-8FDC-42A3-9474-1A3956D46DE8}") = "Solution Items", "Solution Items", "{9F268CC5-D670-4DDC-97DD-EFF985C17852}"
	ProjectSection(SolutionItems) = preProject
		.editorconfig = .editorconfig
		Directory.Build.props = Directory.Build.props
		Directory.Build.targets = Directory.Build.targets
	EndProjectSection
EndProject
Project("{FAE04EC0-301F-11D3-BF4B-00C04F79EFBC}") = "UnnamedProject.Physics", "src\UnnamedProject.Physics\UnnamedProject.Physics.csproj", "{EA267CA5-7806-4E10-B0A1-82D0DA2A935D}"
EndProject
Project("{2150E333-8FDC-42A3-9474-1A3956D46DE8}") = "src", "src", "{A6CD18FD-AD82-4ED4-9100-00A4892AE99B}"
EndProject
Project("{2150E333-8FDC-42A3-9474-1A3956D46DE8}") = "tests", "tests", "{3E36CF07-8894-4F2C-BFA9-F73C30348303}"
EndProject
Global
	GlobalSection(SolutionConfigurationPlatforms) = preSolution
		Debug|Any CPU = Debug|Any CPU
		Release|Any CPU = Release|Any CPU
	EndGlobalSection
	GlobalSection(ProjectConfigurationPlatforms) = postSolution
		{EA267CA5-7806-4E10-B0A1-82D0DA2A935D}.Debug|Any CPU.ActiveCfg = Debug|Any CPU
		{EA267CA5-7806-4E10-B0A1-82D0DA2A935D}.Debug|Any CPU.Build.0 = Debug|Any CPU
		{EA267CA5-7806-4E10-B0A1-82D0DA2A935D}.Release|Any CPU.ActiveCfg = Release|Any CPU
		{EA267CA5-7806-4E10-B0A1-82D0DA2A935D}.Release|Any CPU.Build.0 = Release|Any CPU
	EndGlobalSection
	GlobalSection(SolutionProperties) = preSolution
		HideSolutionNode = FALSE
	EndGlobalSection
	GlobalSection(NestedProjects) = preSolution
		{EA267CA5-7806-4E10-B0A1-82D0DA2A935D} = {A6CD18FD-AD82-4ED4-9100-00A4892AE99B}
	EndGlobalSection
	GlobalSection(ExtensibilityGlobals) = postSolution
		SolutionGuid = {1556EA07-CC3F-4D2B-9BF0-F08A2D8F9321}
	EndGlobalSection
EndGlobal
