
Microsoft Visual Studio Solution File, Format Version 12.00
# Visual Studio Version 16
VisualStudioVersion = 16.0.29411.138
MinimumVisualStudioVersion = 10.0.40219.1
Project("{2150E333-8FDC-42A3-9474-1A3956D46DE8}") = "Solution Items", "Solution Items", "{9F268CC5-D670-4DDC-97DD-EFF985C17852}"
	ProjectSection(SolutionItems) = preProject
		.editorconfig = .editorconfig
		Directory.Build.props = Directory.Build.props
		Directory.Build.targets = Directory.Build.targets
	EndProjectSection
EndProject
Project("{FAE04EC0-301F-11D3-BF4B-00C04F79EFBC}") = "UnnamedProject.Physics", "src\UnnamedProject.Physics\UnnamedProject.Physics.csproj", "{EA267CA5-7806-4E10-B0A1-82D0DA2A935D}"
EndProject
Project("{2150E333-8FDC-42A3-9474-1A3956D46DE8}") = "src", "src", "{A6CD18FD-AD82-4ED4-9100-00A4892AE99B}"
EndProject
Project("{2150E333-8FDC-42A3-9474-1A3956D46DE8}") = "tests", "tests", "{3E36CF07-8894-4F2C-BFA9-F73C30348303}"
EndProject
Project("{FAE04EC0-301F-11D3-BF4B-00C04F79EFBC}") = "UnnamedProject.Engine", "src\UnnamedProject.Engine\UnnamedProject.Engine.csproj", "{20DC9FBA-3D62-4B63-9D1A-D58FFF67E746}"
EndProject
Project("{FAE04EC0-301F-11D3-BF4B-00C04F79EFBC}") = "UnnamedProject.Render.Software", "src\UnnamedProject.Render.Software\UnnamedProject.Render.Software.csproj", "{1437160F-2F79-49D7-AA0C-41FA91929C19}"
EndProject
Project("{FAE04EC0-301F-11D3-BF4B-00C04F79EFBC}") = "UnnamedProject.Client.WPF", "src\UnnamedProject.Client.WPF\UnnamedProject.Client.WPF.csproj", "{045ED046-CC4F-46D3-B3AA-4E3DAEAD448E}"
EndProject
Project("{FAE04EC0-301F-11D3-BF4B-00C04F79EFBC}") = "UnnamedProject.Resources.Demo", "src\UnnamedProject.Resources.Demo\UnnamedProject.Resources.Demo.csproj", "{10BAFEA9-1A85-4247-ACF1-51D3EE6086C9}"
EndProject
Global
	GlobalSection(SolutionConfigurationPlatforms) = preSolution
		Debug|Any CPU = Debug|Any CPU
		Release|Any CPU = Release|Any CPU
	EndGlobalSection
	GlobalSection(ProjectConfigurationPlatforms) = postSolution
		{EA267CA5-7806-4E10-B0A1-82D0DA2A935D}.Debug|Any CPU.ActiveCfg = Debug|Any CPU
		{EA267CA5-7806-4E10-B0A1-82D0DA2A935D}.Debug|Any CPU.Build.0 = Debug|Any CPU
		{EA267CA5-7806-4E10-B0A1-82D0DA2A935D}.Release|Any CPU.ActiveCfg = Release|Any CPU
		{EA267CA5-7806-4E10-B0A1-82D0DA2A935D}.Release|Any CPU.Build.0 = Release|Any CPU
		{20DC9FBA-3D62-4B63-9D1A-D58FFF67E746}.Debug|Any CPU.ActiveCfg = Debug|Any CPU
		{20DC9FBA-3D62-4B63-9D1A-D58FFF67E746}.Debug|Any CPU.Build.0 = Debug|Any CPU
		{20DC9FBA-3D62-4B63-9D1A-D58FFF67E746}.Release|Any CPU.ActiveCfg = Release|Any CPU
		{20DC9FBA-3D62-4B63-9D1A-D58FFF67E746}.Release|Any CPU.Build.0 = Release|Any CPU
		{1437160F-2F79-49D7-AA0C-41FA91929C19}.Debug|Any CPU.ActiveCfg = Debug|Any CPU
		{1437160F-2F79-49D7-AA0C-41FA91929C19}.Debug|Any CPU.Build.0 = Debug|Any CPU
		{1437160F-2F79-49D7-AA0C-41FA91929C19}.Release|Any CPU.ActiveCfg = Release|Any CPU
		{1437160F-2F79-49D7-AA0C-41FA91929C19}.Release|Any CPU.Build.0 = Release|Any CPU
		{045ED046-CC4F-46D3-B3AA-4E3DAEAD448E}.Debug|Any CPU.ActiveCfg = Debug|Any CPU
		{045ED046-CC4F-46D3-B3AA-4E3DAEAD448E}.Debug|Any CPU.Build.0 = Debug|Any CPU
		{045ED046-CC4F-46D3-B3AA-4E3DAEAD448E}.Release|Any CPU.ActiveCfg = Release|Any CPU
		{045ED046-CC4F-46D3-B3AA-4E3DAEAD448E}.Release|Any CPU.Build.0 = Release|Any CPU
		{10BAFEA9-1A85-4247-ACF1-51D3EE6086C9}.Debug|Any CPU.ActiveCfg = Debug|Any CPU
		{10BAFEA9-1A85-4247-ACF1-51D3EE6086C9}.Debug|Any CPU.Build.0 = Debug|Any CPU
		{10BAFEA9-1A85-4247-ACF1-51D3EE6086C9}.Release|Any CPU.ActiveCfg = Release|Any CPU
		{10BAFEA9-1A85-4247-ACF1-51D3EE6086C9}.Release|Any CPU.Build.0 = Release|Any CPU
	EndGlobalSection
	GlobalSection(SolutionProperties) = preSolution
		HideSolutionNode = FALSE
	EndGlobalSection
	GlobalSection(NestedProjects) = preSolution
		{EA267CA5-7806-4E10-B0A1-82D0DA2A935D} = {A6CD18FD-AD82-4ED4-9100-00A4892AE99B}
		{20DC9FBA-3D62-4B63-9D1A-D58FFF67E746} = {A6CD18FD-AD82-4ED4-9100-00A4892AE99B}
		{1437160F-2F79-49D7-AA0C-41FA91929C19} = {A6CD18FD-AD82-4ED4-9100-00A4892AE99B}
		{045ED046-CC4F-46D3-B3AA-4E3DAEAD448E} = {A6CD18FD-AD82-4ED4-9100-00A4892AE99B}
		{10BAFEA9-1A85-4247-ACF1-51D3EE6086C9} = {A6CD18FD-AD82-4ED4-9100-00A4892AE99B}
	EndGlobalSection
	GlobalSection(ExtensibilityGlobals) = postSolution
		SolutionGuid = {1556EA07-CC3F-4D2B-9BF0-F08A2D8F9321}
	EndGlobalSection
EndGlobal
